
Microsoft Visual Studio Solution File, Format Version 12.00
# Visual Studio Version 17
VisualStudioVersion = 17.3.32825.248
MinimumVisualStudioVersion = 10.0.40219.1
Project("{FAE04EC0-301F-11D3-BF4B-00C04F79EFBC}") = "AutoTest.WPF", "AutoTest.WPF\AutoTest.WPF.csproj", "{97C8E6B3-9CCF-4132-9F0F-48724928BA2B}"
EndProject
Global
	GlobalSection(SolutionConfigurationPlatforms) = preSolution
		Debug|Any CPU = Debug|Any CPU
		Release|Any CPU = Release|Any CPU
	EndGlobalSection
	GlobalSection(ProjectConfigurationPlatforms) = postSolution
		{97C8E6B3-9CCF-4132-9F0F-48724928BA2B}.Debug|Any CPU.ActiveCfg = Debug|Any CPU
		{97C8E6B3-9CCF-4132-9F0F-48724928BA2B}.Debug|Any CPU.Build.0 = Debug|Any CPU
		{97C8E6B3-9CCF-4132-9F0F-48724928BA2B}.Release|Any CPU.ActiveCfg = Release|Any CPU
		{97C8E6B3-9CCF-4132-9F0F-48724928BA2B}.Release|Any CPU.Build.0 = Release|Any CPU
	EndGlobalSection
	GlobalSection(SolutionProperties) = preSolution
		HideSolutionNode = FALSE
	EndGlobalSection
	GlobalSection(ExtensibilityGlobals) = postSolution
		SolutionGuid = {FF0AFD41-F359-4E0C-A440-67429966F23E}
	EndGlobalSection
EndGlobal
